
Microsoft Visual Studio Solution File, Format Version 11.00
# Visual Studio 2010
Project("{FAE04EC0-301F-11D3-BF4B-00C04F79EFBC}") = "RaVR-Unity", "Assembly-CSharp.csproj", "{82706806-4F88-802E-5A99-75D983ABCB1A}"
EndProject
Project("{FAE04EC0-301F-11D3-BF4B-00C04F79EFBC}") = "RaVR-Unity", "Assembly-CSharp-Editor.csproj", "{6C33E076-7DF8-3D60-0DC3-E1B5C0C9C7C1}"
EndProject
Global
	GlobalSection(SolutionConfigurationPlatforms) = preSolution
		Debug|Any CPU = Debug|Any CPU
		Release|Any CPU = Release|Any CPU
	EndGlobalSection
	GlobalSection(ProjectConfigurationPlatforms) = postSolution
		{82706806-4F88-802E-5A99-75D983ABCB1A}.Debug|Any CPU.ActiveCfg = Debug|Any CPU
		{82706806-4F88-802E-5A99-75D983ABCB1A}.Debug|Any CPU.Build.0 = Debug|Any CPU
		{82706806-4F88-802E-5A99-75D983ABCB1A}.Release|Any CPU.ActiveCfg = Release|Any CPU
		{82706806-4F88-802E-5A99-75D983ABCB1A}.Release|Any CPU.Build.0 = Release|Any CPU
		{6C33E076-7DF8-3D60-0DC3-E1B5C0C9C7C1}.Debug|Any CPU.ActiveCfg = Debug|Any CPU
		{6C33E076-7DF8-3D60-0DC3-E1B5C0C9C7C1}.Debug|Any CPU.Build.0 = Debug|Any CPU
		{6C33E076-7DF8-3D60-0DC3-E1B5C0C9C7C1}.Release|Any CPU.ActiveCfg = Release|Any CPU
		{6C33E076-7DF8-3D60-0DC3-E1B5C0C9C7C1}.Release|Any CPU.Build.0 = Release|Any CPU
	EndGlobalSection
	GlobalSection(SolutionProperties) = preSolution
		HideSolutionNode = FALSE
	EndGlobalSection
	GlobalSection(MonoDevelopProperties) = preSolution
		StartupItem = Assembly-CSharp.csproj
	EndGlobalSection
EndGlobal
